
Microsoft Visual Studio Solution File, Format Version 12.00
# Visual Studio 15
VisualStudioVersion = 15.0.26228.4
MinimumVisualStudioVersion = 10.0.40219.1
Project("{FAE04EC0-301F-11D3-BF4B-00C04F79EFBC}") = "suggestions-csharp", "suggestions-csharp.csproj", "{30BEACDE-1B2A-498A-AA8C-5C56A92EAB51}"
EndProject
Project("{FAE04EC0-301F-11D3-BF4B-00C04F79EFBC}") = "WindowsFormsApp1", "..\WindowsFormsApp1\WindowsFormsApp1.csproj", "{76F8F8DE-D7C8-4AD4-979F-A459612688AB}"
EndProject
Project("{FAE04EC0-301F-11D3-BF4B-00C04F79EFBC}") = "ConsoleApp1", "ConsoleApp1\ConsoleApp1.csproj", "{A99B99E8-7765-45E3-B4D4-89B5D0775954}"
EndProject
Global
	GlobalSection(SolutionConfigurationPlatforms) = preSolution
		Debug|Any CPU = Debug|Any CPU
		Release|Any CPU = Release|Any CPU
	EndGlobalSection
	GlobalSection(ProjectConfigurationPlatforms) = postSolution
		{30BEACDE-1B2A-498A-AA8C-5C56A92EAB51}.Debug|Any CPU.ActiveCfg = Debug|Any CPU
		{30BEACDE-1B2A-498A-AA8C-5C56A92EAB51}.Debug|Any CPU.Build.0 = Debug|Any CPU
		{30BEACDE-1B2A-498A-AA8C-5C56A92EAB51}.Release|Any CPU.ActiveCfg = Release|Any CPU
		{30BEACDE-1B2A-498A-AA8C-5C56A92EAB51}.Release|Any CPU.Build.0 = Release|Any CPU
		{76F8F8DE-D7C8-4AD4-979F-A459612688AB}.Debug|Any CPU.ActiveCfg = Debug|Any CPU
		{76F8F8DE-D7C8-4AD4-979F-A459612688AB}.Debug|Any CPU.Build.0 = Debug|Any CPU
		{76F8F8DE-D7C8-4AD4-979F-A459612688AB}.Release|Any CPU.ActiveCfg = Release|Any CPU
		{76F8F8DE-D7C8-4AD4-979F-A459612688AB}.Release|Any CPU.Build.0 = Release|Any CPU
		{A99B99E8-7765-45E3-B4D4-89B5D0775954}.Debug|Any CPU.ActiveCfg = Debug|Any CPU
		{A99B99E8-7765-45E3-B4D4-89B5D0775954}.Debug|Any CPU.Build.0 = Debug|Any CPU
		{A99B99E8-7765-45E3-B4D4-89B5D0775954}.Release|Any CPU.ActiveCfg = Release|Any CPU
		{A99B99E8-7765-45E3-B4D4-89B5D0775954}.Release|Any CPU.Build.0 = Release|Any CPU
	EndGlobalSection
	GlobalSection(SolutionProperties) = preSolution
		HideSolutionNode = FALSE
	EndGlobalSection
EndGlobal
